{
  "name": "backend",
  "lockfileVersion": 3,
  "requires": true,
  "packages": {
    "": {
      "dependencies": {
        "xterm": "^5.3.0",
        "xterm-addon-fit": "^0.8.0",
        "xterm-addon-web-links": "^0.9.0"
      }
    },
    "node_modules/xterm": {
      "version": "5.3.0",
      "resolved": "https://registry.npmjs.org/xterm/-/xterm-5.3.0.tgz",
      "integrity": "sha512-8QqjlekLUFTrU6x7xck1MsPzPA571K5zNqWm0M0oroYEWVOptZ0+ubQSkQ3uxIEhcIHRujJy6emDWX4A7qyFzg==",
      "deprecated": "This package is now deprecated. Move to @xterm/xterm instead.",
      "license": "MIT"
    },
    "node_modules/xterm-addon-fit": {
      "version": "0.8.0",
      "resolved": "https://registry.npmjs.org/xterm-addon-fit/-/xterm-addon-fit-0.8.0.tgz",
      "integrity": "sha512-yj3Np7XlvxxhYF/EJ7p3KHaMt6OdwQ+HDu573Vx1lRXsVxOcnVJs51RgjZOouIZOczTsskaS+CpXspK81/DLqw==",
      "deprecated": "This package is now deprecated. Move to @xterm/addon-fit instead.",
      "license": "MIT",
      "peerDependencies": {
        "xterm": "^5.0.0"
      }
    },
    "node_modules/xterm-addon-web-links": {
      "version": "0.9.0",
      "resolved": "https://registry.npmjs.org/xterm-addon-web-links/-/xterm-addon-web-links-0.9.0.tgz",
      "integrity": "sha512-LIzi4jBbPlrKMZF3ihoyqayWyTXAwGfu4yprz1aK2p71e9UKXN6RRzVONR0L+Zd+Ik5tPVI9bwp9e8fDTQh49Q==",
      "deprecated": "This package is now deprecated. Move to @xterm/addon-web-links instead.",
      "license": "MIT",
      "peerDependencies": {
        "xterm": "^5.0.0"
      }
    }
  }
}
